
Microsoft Visual Studio Solution File, Format Version 11.00
# Visual Studio 2010
Project("{FAE04EC0-301F-11D3-BF4B-00C04F79EFBC}") = "jQueryDeferredLabs", "jQueryDeferredLabs\jQueryDeferredLabs.csproj", "{ABF62202-0E30-43AE-B411-60F28C8CB108}"
EndProject
Global
	GlobalSection(SolutionConfigurationPlatforms) = preSolution
		Debug|Any CPU = Debug|Any CPU
		Release|Any CPU = Release|Any CPU
	EndGlobalSection
	GlobalSection(ProjectConfigurationPlatforms) = postSolution
		{ABF62202-0E30-43AE-B411-60F28C8CB108}.Debug|Any CPU.ActiveCfg = Debug|Any CPU
		{ABF62202-0E30-43AE-B411-60F28C8CB108}.Debug|Any CPU.Build.0 = Debug|Any CPU
		{ABF62202-0E30-43AE-B411-60F28C8CB108}.Release|Any CPU.ActiveCfg = Release|Any CPU
		{ABF62202-0E30-43AE-B411-60F28C8CB108}.Release|Any CPU.Build.0 = Release|Any CPU
	EndGlobalSection
	GlobalSection(SolutionProperties) = preSolution
		HideSolutionNode = FALSE
	EndGlobalSection
EndGlobal
